
Microsoft Visual Studio Solution File, Format Version 12.00
# Visual Studio Version 17
VisualStudioVersion = 17.4.33213.308
MinimumVisualStudioVersion = 10.0.40219.1
Project("{FAE04EC0-301F-11D3-BF4B-00C04F79EFBC}") = "WPF-Practice", "WPF-Practice\WPF-Practice.csproj", "{205221DE-9FED-45F9-8B0D-185B8B04B76E}"
EndProject
Global
	GlobalSection(SolutionConfigurationPlatforms) = preSolution
		Debug|Any CPU = Debug|Any CPU
		Release|Any CPU = Release|Any CPU
	EndGlobalSection
	GlobalSection(ProjectConfigurationPlatforms) = postSolution
		{205221DE-9FED-45F9-8B0D-185B8B04B76E}.Debug|Any CPU.ActiveCfg = Debug|Any CPU
		{205221DE-9FED-45F9-8B0D-185B8B04B76E}.Debug|Any CPU.Build.0 = Debug|Any CPU
		{205221DE-9FED-45F9-8B0D-185B8B04B76E}.Release|Any CPU.ActiveCfg = Release|Any CPU
		{205221DE-9FED-45F9-8B0D-185B8B04B76E}.Release|Any CPU.Build.0 = Release|Any CPU
	EndGlobalSection
	GlobalSection(SolutionProperties) = preSolution
		HideSolutionNode = FALSE
	EndGlobalSection
	GlobalSection(ExtensibilityGlobals) = postSolution
		SolutionGuid = {13637C4E-ABCE-4BAC-8D0F-51D87880DB6F}
	EndGlobalSection
EndGlobal
